// !$*UTF8*$!
{
	archiveVersion = 1;
	classes = {
	};
	objectVersion = 46;
	objects = {

/* Begin PBXBuildFile section */
		44B8C4D91ECDF9B20029366D /* AppDelegate.swift in Sources */ = {isa = PBXBuildFile; fileRef = 44B8C4D81ECDF9B20029366D /* AppDelegate.swift */; };
		44B8C4DB1ECDF9B20029366D /* ViewController.swift in Sources */ = {isa = PBXBuildFile; fileRef = 44B8C4DA1ECDF9B20029366D /* ViewController.swift */; };
		44B8C4DE1ECDF9B20029366D /* Main.storyboard in Resources */ = {isa = PBXBuildFile; fileRef = 44B8C4DC1ECDF9B20029366D /* Main.storyboard */; };
		44B8C4E01ECDF9B20029366D /* Assets.xcassets in Resources */ = {isa = PBXBuildFile; fileRef = 44B8C4DF1ECDF9B20029366D /* Assets.xcassets */; };
		44B8C4E31ECDF9B20029366D /* LaunchScreen.storyboard in Resources */ = {isa = PBXBuildFile; fileRef = 44B8C4E11ECDF9B20029366D /* LaunchScreen.storyboard */; };
		44B8C4EE1ECDF9B20029366D /* FileTrackerTests.swift in Sources */ = {isa = PBXBuildFile; fileRef = 44B8C4ED1ECDF9B20029366D /* FileTrackerTests.swift */; };
		44B8C4F91ECDF9B20029366D /* FileTrackerUITests.swift in Sources */ = {isa = PBXBuildFile; fileRef = 44B8C4F81ECDF9B20029366D /* FileTrackerUITests.swift */; };
		44B8C5071ECDFFC60029366D /* DirectoryMonitor.swift in Sources */ = {isa = PBXBuildFile; fileRef = 44B8C5061ECDFFC60029366D /* DirectoryMonitor.swift */; };
/* End PBXBuildFile section */

/* Begin PBXContainerItemProxy section */
		44B8C4EA1ECDF9B20029366D /* PBXContainerItemProxy */ = {
			isa = PBXContainerItemProxy;
			containerPortal = 44B8C4CD1ECDF9B20029366D /* Project object */;
			proxyType = 1;
			remoteGlobalIDString = 44B8C4D41ECDF9B20029366D;
			remoteInfo = FileTracker;
		};
		44B8C4F51ECDF9B20029366D /* PBXContainerItemProxy */ = {
			isa = PBXContainerItemProxy;
			containerPortal = 44B8C4CD1ECDF9B20029366D /* Project object */;
			proxyType = 1;
			remoteGlobalIDString = 44B8C4D41ECDF9B20029366D;
			remoteInfo = FileTracker;
		};
/* End PBXContainerItemProxy section */

/* Begin PBXFileReference section */
		44B8C4D51ECDF9B20029366D /* FileTracker.app */ = {isa = PBXFileReference; explicitFileType = wrapper.application; includeInIndex = 0; path = FileTracker.app; sourceTree = BUILT_PRODUCTS_DIR; };
		44B8C4D81ECDF9B20029366D /* AppDelegate.swift */ = {isa = PBXFileReference; lastKnownFileType = sourcecode.swift; path = AppDelegate.swift; sourceTree = "<group>"; };
		44B8C4DA1ECDF9B20029366D /* ViewController.swift */ = {isa = PBXFileReference; lastKnownFileType = sourcecode.swift; path = ViewController.swift; sourceTree = "<group>"; };
		44B8C4DD1ECDF9B20029366D /* Base */ = {isa = PBXFileReference; lastKnownFileType = file.storyboard; name = Base; path = Base.lproj/Main.storyboard; sourceTree = "<group>"; };
		44B8C4DF1ECDF9B20029366D /* Assets.xcassets */ = {isa = PBXFileReference; lastKnownFileType = folder.assetcatalog; path = Assets.xcassets; sourceTree = "<group>"; };
		44B8C4E21ECDF9B20029366D /* Base */ = {isa = PBXFileReference; lastKnownFileType = file.storyboard; name = Base; path = Base.lproj/LaunchScreen.storyboard; sourceTree = "<group>"; };
		44B8C4E41ECDF9B20029366D /* Info.plist */ = {isa = PBXFileReference; lastKnownFileType = text.plist.xml; path = Info.plist; sourceTree = "<group>"; };
		44B8C4E91ECDF9B20029366D /* FileTrackerTests.xctest */ = {isa = PBXFileReference; explicitFileType = wrapper.cfbundle; includeInIndex = 0; path = FileTrackerTests.xctest; sourceTree = BUILT_PRODUCTS_DIR; };
		44B8C4ED1ECDF9B20029366D /* FileTrackerTests.swift */ = {isa = PBXFileReference; lastKnownFileType = sourcecode.swift; path = FileTrackerTests.swift; sourceTree = "<group>"; };
		44B8C4EF1ECDF9B20029366D /* Info.plist */ = {isa = PBXFileReference; lastKnownFileType = text.plist.xml; path = Info.plist; sourceTree = "<group>"; };
		44B8C4F41ECDF9B20029366D /* FileTrackerUITests.xctest */ = {isa = PBXFileReference; explicitFileType = wrapper.cfbundle; includeInIndex = 0; path = FileTrackerUITests.xctest; sourceTree = BUILT_PRODUCTS_DIR; };
		44B8C4F81ECDF9B20029366D /* FileTrackerUITests.swift */ = {isa = PBXFileReference; lastKnownFileType = sourcecode.swift; path = FileTrackerUITests.swift; sourceTree = "<group>"; };
		44B8C4FA1ECDF9B20029366D /* Info.plist */ = {isa = PBXFileReference; lastKnownFileType = text.plist.xml; path = Info.plist; sourceTree = "<group>"; };
		44B8C5061ECDFFC60029366D /* DirectoryMonitor.swift */ = {isa = PBXFileReference; fileEncoding = 4; lastKnownFileType = sourcecode.swift; path = DirectoryMonitor.swift; sourceTree = "<group>"; };
/* End PBXFileReference section */

/* Begin PBXFrameworksBuildPhase section */
		44B8C4D21ECDF9B20029366D /* Frameworks */ = {
			isa = PBXFrameworksBuildPhase;
			buildActionMask = 2147483647;
			files = (
			);
			runOnlyForDeploymentPostprocessing = 0;
		};
		44B8C4E61ECDF9B20029366D /* Frameworks */ = {
			isa = PBXFrameworksBuildPhase;
			buildActionMask = 2147483647;
			files = (
			);
			runOnlyForDeploymentPostprocessing = 0;
		};
		44B8C4F11ECDF9B20029366D /* Frameworks */ = {
			isa = PBXFrameworksBuildPhase;
			buildActionMask = 2147483647;
			files = (
			);
			runOnlyForDeploymentPostprocessing = 0;
		};
/* End PBXFrameworksBuildPhase section */

/* Begin PBXGroup section */
		44B8C4CC1ECDF9B20029366D = {
			isa = PBXGroup;
			children = (
				44B8C4D71ECDF9B20029366D /* FileTracker */,
				44B8C4EC1ECDF9B20029366D /* FileTrackerTests */,
				44B8C4F71ECDF9B20029366D /* FileTrackerUITests */,
				44B8C4D61ECDF9B20029366D /* Products */,
			);
			sourceTree = "<group>";
		};
		44B8C4D61ECDF9B20029366D /* Products */ = {
			isa = PBXGroup;
			children = (
				44B8C4D51ECDF9B20029366D /* FileTracker.app */,
				44B8C4E91ECDF9B20029366D /* FileTrackerTests.xctest */,
				44B8C4F41ECDF9B20029366D /* FileTrackerUITests.xctest */,
			);
			name = Products;
			sourceTree = "<group>";
		};
		44B8C4D71ECDF9B20029366D /* FileTracker */ = {
			isa = PBXGroup;
			children = (
				44B8C4D81ECDF9B20029366D /* AppDelegate.swift */,
				44B8C4DA1ECDF9B20029366D /* ViewController.swift */,
				44B8C5061ECDFFC60029366D /* DirectoryMonitor.swift */,
				44B8C4DC1ECDF9B20029366D /* Main.storyboard */,
				44B8C4DF1ECDF9B20029366D /* Assets.xcassets */,
				44B8C4E11ECDF9B20029366D /* LaunchScreen.storyboard */,
				44B8C4E41ECDF9B20029366D /* Info.plist */,
			);
			path = FileTracker;
			sourceTree = "<group>";
		};
		44B8C4EC1ECDF9B20029366D /* FileTrackerTests */ = {
			isa = PBXGroup;
			children = (
				44B8C4ED1ECDF9B20029366D /* FileTrackerTests.swift */,
				44B8C4EF1ECDF9B20029366D /* Info.plist */,
			);
			path = FileTrackerTests;
			sourceTree = "<group>";
		};
		44B8C4F71ECDF9B20029366D /* FileTrackerUITests */ = {
			isa = PBXGroup;
			children = (
				44B8C4F81ECDF9B20029366D /* FileTrackerUITests.swift */,
				44B8C4FA1ECDF9B20029366D /* Info.plist */,
			);
			path = FileTrackerUITests;
			sourceTree = "<group>";
		};
/* End PBXGroup section */

/* Begin PBXNativeTarget section */
		44B8C4D41ECDF9B20029366D /* FileTracker */ = {
			isa = PBXNativeTarget;
			buildConfigurationList = 44B8C4FD1ECDF9B20029366D /* Build configuration list for PBXNativeTarget "FileTracker" */;
			buildPhases = (
				44B8C4D11ECDF9B20029366D /* Sources */,
				44B8C4D21ECDF9B20029366D /* Frameworks */,
				44B8C4D31ECDF9B20029366D /* Resources */,
			);
			buildRules = (
			);
			dependencies = (
			);
			name = FileTracker;
			productName = FileTracker;
			productReference = 44B8C4D51ECDF9B20029366D /* FileTracker.app */;
			productType = "com.apple.product-type.application";
		};
		44B8C4E81ECDF9B20029366D /* FileTrackerTests */ = {
			isa = PBXNativeTarget;
			buildConfigurationList = 44B8C5001ECDF9B20029366D /* Build configuration list for PBXNativeTarget "FileTrackerTests" */;
			buildPhases = (
				44B8C4E51ECDF9B20029366D /* Sources */,
				44B8C4E61ECDF9B20029366D /* Frameworks */,
				44B8C4E71ECDF9B20029366D /* Resources */,
			);
			buildRules = (
			);
			dependencies = (
				44B8C4EB1ECDF9B20029366D /* PBXTargetDependency */,
			);
			name = FileTrackerTests;
			productName = FileTrackerTests;
			productReference = 44B8C4E91ECDF9B20029366D /* FileTrackerTests.xctest */;
			productType = "com.apple.product-type.bundle.unit-test";
		};
		44B8C4F31ECDF9B20029366D /* FileTrackerUITests */ = {
			isa = PBXNativeTarget;
			buildConfigurationList = 44B8C5031ECDF9B20029366D /* Build configuration list for PBXNativeTarget "FileTrackerUITests" */;
			buildPhases = (
				44B8C4F01ECDF9B20029366D /* Sources */,
				44B8C4F11ECDF9B20029366D /* Frameworks */,
				44B8C4F21ECDF9B20029366D /* Resources */,
			);
			buildRules = (
			);
			dependencies = (
				44B8C4F61ECDF9B20029366D /* PBXTargetDependency */,
			);
			name = FileTrackerUITests;
			productName = FileTrackerUITests;
			productReference = 44B8C4F41ECDF9B20029366D /* FileTrackerUITests.xctest */;
			productType = "com.apple.product-type.bundle.ui-testing";
		};
/* End PBXNativeTarget section */

/* Begin PBXProject section */
		44B8C4CD1ECDF9B20029366D /* Project object */ = {
			isa = PBXProject;
			attributes = {
				LastSwiftUpdateCheck = 0820;
				LastUpgradeCheck = 0820;
				ORGANIZATIONNAME = RAsoft;
				TargetAttributes = {
					44B8C4D41ECDF9B20029366D = {
						CreatedOnToolsVersion = 8.2.1;
						ProvisioningStyle = Automatic;
					};
					44B8C4E81ECDF9B20029366D = {
						CreatedOnToolsVersion = 8.2.1;
						ProvisioningStyle = Automatic;
						TestTargetID = 44B8C4D41ECDF9B20029366D;
					};
					44B8C4F31ECDF9B20029366D = {
						CreatedOnToolsVersion = 8.2.1;
						ProvisioningStyle = Automatic;
						TestTargetID = 44B8C4D41ECDF9B20029366D;
					};
				};
			};
			buildConfigurationList = 44B8C4D01ECDF9B20029366D /* Build configuration list for PBXProject "FileTracker" */;
			compatibilityVersion = "Xcode 3.2";
			developmentRegion = English;
			hasScannedForEncodings = 0;
			knownRegions = (
				en,
				Base,
			);
			mainGroup = 44B8C4CC1ECDF9B20029366D;
			productRefGroup = 44B8C4D61ECDF9B20029366D /* Products */;
			projectDirPath = "";
			projectRoot = "";
			targets = (
				44B8C4D41ECDF9B20029366D /* FileTracker */,
				44B8C4E81ECDF9B20029366D /* FileTrackerTests */,
				44B8C4F31ECDF9B20029366D /* FileTrackerUITests */,
			);
		};
/* End PBXProject section */

/* Begin PBXResourcesBuildPhase section */
		44B8C4D31ECDF9B20029366D /* Resources */ = {
			isa = PBXResourcesBuildPhase;
			buildActionMask = 2147483647;
			files = (
				44B8C4E31ECDF9B20029366D /* LaunchScreen.storyboard in Resources */,
				44B8C4E01ECDF9B20029366D /* Assets.xcassets in Resources */,
				44B8C4DE1ECDF9B20029366D /* Main.storyboard in Resources */,
			);
			runOnlyForDeploymentPostprocessing = 0;
		};
		44B8C4E71ECDF9B20029366D /* Resources */ = {
			isa = PBXResourcesBuildPhase;
			buildActionMask = 2147483647;
			files = (
			);
			runOnlyForDeploymentPostprocessing = 0;
		};
		44B8C4F21ECDF9B20029366D /* Resources */ = {
			isa = PBXResourcesBuildPhase;
			buildActionMask = 2147483647;
			files = (
			);
			runOnlyForDeploymentPostprocessing = 0;
		};
/* End PBXResourcesBuildPhase section */

/* Begin PBXSourcesBuildPhase section */
		44B8C4D11ECDF9B20029366D /* Sources */ = {
			isa = PBXSourcesBuildPhase;
			buildActionMask = 2147483647;
			files = (
				44B8C4DB1ECDF9B20029366D /* ViewController.swift in Sources */,
				44B8C5071ECDFFC60029366D /* DirectoryMonitor.swift in Sources */,
				44B8C4D91ECDF9B20029366D /* AppDelegate.swift in Sources */,
			);
			runOnlyForDeploymentPostprocessing = 0;
		};
		44B8C4E51ECDF9B20029366D /* Sources */ = {
			isa = PBXSourcesBuildPhase;
			buildActionMask = 2147483647;
			files = (
				44B8C4EE1ECDF9B20029366D /* FileTrackerTests.swift in Sources */,
			);
			runOnlyForDeploymentPostprocessing = 0;
		};
		44B8C4F01ECDF9B20029366D /* Sources */ = {
			isa = PBXSourcesBuildPhase;
			buildActionMask = 2147483647;
			files = (
				44B8C4F91ECDF9B20029366D /* FileTrackerUITests.swift in Sources */,
			);
			runOnlyForDeploymentPostprocessing = 0;
		};
/* End PBXSourcesBuildPhase section */

/* Begin PBXTargetDependency section */
		44B8C4EB1ECDF9B20029366D /* PBXTargetDependency */ = {
			isa = PBXTargetDependency;
			target = 44B8C4D41ECDF9B20029366D /* FileTracker */;
			targetProxy = 44B8C4EA1ECDF9B20029366D /* PBXContainerItemProxy */;
		};
		44B8C4F61ECDF9B20029366D /* PBXTargetDependency */ = {
			isa = PBXTargetDependency;
			target = 44B8C4D41ECDF9B20029366D /* FileTracker */;
			targetProxy = 44B8C4F51ECDF9B20029366D /* PBXContainerItemProxy */;
		};
/* End PBXTargetDependency section */

/* Begin PBXVariantGroup section */
		44B8C4DC1ECDF9B20029366D /* Main.storyboard */ = {
			isa = PBXVariantGroup;
			children = (
				44B8C4DD1ECDF9B20029366D /* Base */,
			);
			name = Main.storyboard;
			sourceTree = "<group>";
		};
		44B8C4E11ECDF9B20029366D /* LaunchScreen.storyboard */ = {
			isa = PBXVariantGroup;
			children = (
				44B8C4E21ECDF9B20029366D /* Base */,
			);
			name = LaunchScreen.storyboard;
			sourceTree = "<group>";
		};
/* End PBXVariantGroup section */

/* Begin XCBuildConfiguration section */
		44B8C4FB1ECDF9B20029366D /* Debug */ = {
			isa = XCBuildConfiguration;
			buildSettings = {
				ALWAYS_SEARCH_USER_PATHS = NO;
				CLANG_ANALYZER_NONNULL = YES;
				CLANG_CXX_LANGUAGE_STANDARD = "gnu++0x";
				CLANG_CXX_LIBRARY = "libc++";
				CLANG_ENABLE_MODULES = YES;
				CLANG_ENABLE_OBJC_ARC = YES;
				CLANG_WARN_BOOL_CONVERSION = YES;
				CLANG_WARN_CONSTANT_CONVERSION = YES;
				CLANG_WARN_DIRECT_OBJC_ISA_USAGE = YES_ERROR;
				CLANG_WARN_DOCUMENTATION_COMMENTS = YES;
				CLANG_WARN_EMPTY_BODY = YES;
				CLANG_WARN_ENUM_CONVERSION = YES;
				CLANG_WARN_INFINITE_RECURSION = YES;
				CLANG_WARN_INT_CONVERSION = YES;
				CLANG_WARN_OBJC_ROOT_CLASS = YES_ERROR;
				CLANG_WARN_SUSPICIOUS_MOVE = YES;
				CLANG_WARN_UNREACHABLE_CODE = YES;
				CLANG_WARN__DUPLICATE_METHOD_MATCH = YES;
				"CODE_SIGN_IDENTITY[sdk=iphoneos*]" = "iPhone Developer";
				COPY_PHASE_STRIP = NO;
				DEBUG_INFORMATION_FORMAT = dwarf;
				ENABLE_STRICT_OBJC_MSGSEND = YES;
				ENABLE_TESTABILITY = YES;
				GCC_C_LANGUAGE_STANDARD = gnu99;
				GCC_DYNAMIC_NO_PIC = NO;
				GCC_NO_COMMON_BLOCKS = YES;
				GCC_OPTIMIZATION_LEVEL = 0;
				GCC_PREPROCESSOR_DEFINITIONS = (
					"DEBUG=1",
					"$(inherited)",
				);
				GCC_WARN_64_TO_32_BIT_CONVERSION = YES;
				GCC_WARN_ABOUT_RETURN_TYPE = YES_ERROR;
				GCC_WARN_UNDECLARED_SELECTOR = YES;
				GCC_WARN_UNINITIALIZED_AUTOS = YES_AGGRESSIVE;
				GCC_WARN_UNUSED_FUNCTION = YES;
				GCC_WARN_UNUSED_VARIABLE = YES;
				IPHONEOS_DEPLOYMENT_TARGET = 10.2;
				MTL_ENABLE_DEBUG_INFO = YES;
				ONLY_ACTIVE_ARCH = YES;
				SDKROOT = iphoneos;
				SWIFT_ACTIVE_COMPILATION_CONDITIONS = DEBUG;
				SWIFT_OPTIMIZATION_LEVEL = "-Onone";
			};
			name = Debug;
		};
		44B8C4FC1ECDF9B20029366D /* Release */ = {
			isa = XCBuildConfiguration;
			buildSettings = {
				ALWAYS_SEARCH_USER_PATHS = NO;
				CLANG_ANALYZER_NONNULL = YES;
				CLANG_CXX_LANGUAGE_STANDARD = "gnu++0x";
				CLANG_CXX_LIBRARY = "libc++";
				CLANG_ENABLE_MODULES = YES;
				CLANG_ENABLE_OBJC_ARC = YES;
				CLANG_WARN_BOOL_CONVERSION = YES;
				CLANG_WARN_CONSTANT_CONVERSION = YES;
				CLANG_WARN_DIRECT_OBJC_ISA_USAGE = YES_ERROR;
				CLANG_WARN_DOCUMENTATION_COMMENTS = YES;
				CLANG_WARN_EMPTY_BODY = YES;
				CLANG_WARN_ENUM_CONVERSION = YES;
				CLANG_WARN_INFINITE_RECURSION = YES;
				CLANG_WARN_INT_CONVERSION = YES;
				CLANG_WARN_OBJC_ROOT_CLASS = YES_ERROR;
				CLANG_WARN_SUSPICIOUS_MOVE = YES;
				CLANG_WARN_UNREACHABLE_CODE = YES;
				CLANG_WARN__DUPLICATE_METHOD_MATCH = YES;
				"CODE_SIGN_IDENTITY[sdk=iphoneos*]" = "iPhone Developer";
				COPY_PHASE_STRIP = NO;
				DEBUG_INFORMATION_FORMAT = "dwarf-with-dsym";
				ENABLE_NS_ASSERTIONS = NO;
				ENABLE_STRICT_OBJC_MSGSEND = YES;
				GCC_C_LANGUAGE_STANDARD = gnu99;
				GCC_NO_COMMON_BLOCKS = YES;
				GCC_WARN_64_TO_32_BIT_CONVERSION = YES;
				GCC_WARN_ABOUT_RETURN_TYPE = YES_ERROR;
				GCC_WARN_UNDECLARED_SELECTOR = YES;
				GCC_WARN_UNINITIALIZED_AUTOS = YES_AGGRESSIVE;
				GCC_WARN_UNUSED_FUNCTION = YES;
				GCC_WARN_UNUSED_VARIABLE = YES;
				IPHONEOS_DEPLOYMENT_TARGET = 10.2;
				MTL_ENABLE_DEBUG_INFO = NO;
				SDKROOT = iphoneos;
				SWIFT_OPTIMIZATION_LEVEL = "-Owholemodule";
				VALIDATE_PRODUCT = YES;
			};
			name = Release;
		};
		44B8C4FE1ECDF9B20029366D /* Debug */ = {
			isa = XCBuildConfiguration;
			buildSettings = {
				ASSETCATALOG_COMPILER_APPICON_NAME = AppIcon;
				INFOPLIST_FILE = FileTracker/Info.plist;
				IPHONEOS_DEPLOYMENT_TARGET = 9.0;
				LD_RUNPATH_SEARCH_PATHS = "$(inherited) @executable_path/Frameworks";
				PRODUCT_BUNDLE_IDENTIFIER = com.rsoft.FileTracker;
				PRODUCT_NAME = "$(TARGET_NAME)";
				SWIFT_VERSION = 3.0;
			};
			name = Debug;
		};
		44B8C4FF1ECDF9B20029366D /* Release */ = {
			isa = XCBuildConfiguration;
			buildSettings = {
				ASSETCATALOG_COMPILER_APPICON_NAME = AppIcon;
				INFOPLIST_FILE = FileTracker/Info.plist;
				IPHONEOS_DEPLOYMENT_TARGET = 9.0;
				LD_RUNPATH_SEARCH_PATHS = "$(inherited) @executable_path/Frameworks";
				PRODUCT_BUNDLE_IDENTIFIER = com.rsoft.FileTracker;
				PRODUCT_NAME = "$(TARGET_NAME)";
				SWIFT_VERSION = 3.0;
			};
			name = Release;
		};
		44B8C5011ECDF9B20029366D /* Debug */ = {
			isa = XCBuildConfiguration;
			buildSettings = {
				ALWAYS_EMBED_SWIFT_STANDARD_LIBRARIES = YES;
				BUNDLE_LOADER = "$(TEST_HOST)";
				INFOPLIST_FILE = FileTrackerTests/Info.plist;
				LD_RUNPATH_SEARCH_PATHS = "$(inherited) @executable_path/Frameworks @loader_path/Frameworks";
				PRODUCT_BUNDLE_IDENTIFIER = com.rsoft.FileTrackerTests;
				PRODUCT_NAME = "$(TARGET_NAME)";
				SWIFT_VERSION = 3.0;
				TEST_HOST = "$(BUILT_PRODUCTS_DIR)/FileTracker.app/FileTracker";
			};
			name = Debug;
		};
		44B8C5021ECDF9B20029366D /* Release */ = {
			isa = XCBuildConfiguration;
			buildSettings = {
				ALWAYS_EMBED_SWIFT_STANDARD_LIBRARIES = YES;
				BUNDLE_LOADER = "$(TEST_HOST)";
				INFOPLIST_FILE = FileTrackerTests/Info.plist;
				LD_RUNPATH_SEARCH_PATHS = "$(inherited) @executable_path/Frameworks @loader_path/Frameworks";
				PRODUCT_BUNDLE_IDENTIFIER = com.rsoft.FileTrackerTests;
				PRODUCT_NAME = "$(TARGET_NAME)";
				SWIFT_VERSION = 3.0;
				TEST_HOST = "$(BUILT_PRODUCTS_DIR)/FileTracker.app/FileTracker";
			};
			name = Release;
		};
		44B8C5041ECDF9B20029366D /* Debug */ = {
			isa = XCBuildConfiguration;
			buildSettings = {
				ALWAYS_EMBED_SWIFT_STANDARD_LIBRARIES = YES;
				INFOPLIST_FILE = FileTrackerUITests/Info.plist;
				LD_RUNPATH_SEARCH_PATHS = "$(inherited) @executable_path/Frameworks @loader_path/Frameworks";
				PRODUCT_BUNDLE_IDENTIFIER = com.rsoft.FileTrackerUITests;
				PRODUCT_NAME = "$(TARGET_NAME)";
				SWIFT_VERSION = 3.0;
				TEST_TARGET_NAME = FileTracker;
			};
			name = Debug;
		};
		44B8C5051ECDF9B20029366D /* Release */ = {
			isa = XCBuildConfiguration;
			buildSettings = {
				ALWAYS_EMBED_SWIFT_STANDARD_LIBRARIES = YES;
				INFOPLIST_FILE = FileTrackerUITests/Info.plist;
				LD_RUNPATH_SEARCH_PATHS = "$(inherited) @executable_path/Frameworks @loader_path/Frameworks";
				PRODUCT_BUNDLE_IDENTIFIER = com.rsoft.FileTrackerUITests;
				PRODUCT_NAME = "$(TARGET_NAME)";
				SWIFT_VERSION = 3.0;
				TEST_TARGET_NAME = FileTracker;
			};
			name = Release;
		};
/* End XCBuildConfiguration section */

/* Begin XCConfigurationList section */
		44B8C4D01ECDF9B20029366D /* Build configuration list for PBXProject "FileTracker" */ = {
			isa = XCConfigurationList;
			buildConfigurations = (
				44B8C4FB1ECDF9B20029366D /* Debug */,
				44B8C4FC1ECDF9B20029366D /* Release */,
			);
			defaultConfigurationIsVisible = 0;
			defaultConfigurationName = Release;
		};
		44B8C4FD1ECDF9B20029366D /* Build configuration list for PBXNativeTarget "FileTracker" */ = {
			isa = XCConfigurationList;
			buildConfigurations = (
				44B8C4FE1ECDF9B20029366D /* Debug */,
				44B8C4FF1ECDF9B20029366D /* Release */,
			);
			defaultConfigurationIsVisible = 0;
			defaultConfigurationName = Release;
		};
		44B8C5001ECDF9B20029366D /* Build configuration list for PBXNativeTarget "FileTrackerTests" */ = {
			isa = XCConfigurationList;
			buildConfigurations = (
				44B8C5011ECDF9B20029366D /* Debug */,
				44B8C5021ECDF9B20029366D /* Release */,
			);
			defaultConfigurationIsVisible = 0;
			defaultConfigurationName = Release;
		};
		44B8C5031ECDF9B20029366D /* Build configuration list for PBXNativeTarget "FileTrackerUITests" */ = {
			isa = XCConfigurationList;
			buildConfigurations = (
				44B8C5041ECDF9B20029366D /* Debug */,
				44B8C5051ECDF9B20029366D /* Release */,
			);
			defaultConfigurationIsVisible = 0;
			defaultConfigurationName = Release;
		};
/* End XCConfigurationList section */
	};
	rootObject = 44B8C4CD1ECDF9B20029366D /* Project object */;
}
